
Microsoft Visual Studio Solution File, Format Version 12.00
# Visual Studio Version 17
VisualStudioVersion = 17.3.32922.545
MinimumVisualStudioVersion = 10.0.40219.1
Project("{9A19103F-16F7-4668-BE54-9A1E7A4F7556}") = "ClientServer", "ClientServer\ClientServer.csproj", "{09E22396-319B-4CE7-829B-4972DFB99FA6}"
EndProject
Project("{FAE04EC0-301F-11D3-BF4B-00C04F79EFBC}") = "WebAdmin", "WebAdmin\WebAdmin.csproj", "{A0050BE2-093C-410A-AC40-01055F26A03B}"
EndProject
Global
	GlobalSection(SolutionConfigurationPlatforms) = preSolution
		Debug|Any CPU = Debug|Any CPU
		Release|Any CPU = Release|Any CPU
	EndGlobalSection
	GlobalSection(ProjectConfigurationPlatforms) = postSolution
		{09E22396-319B-4CE7-829B-4972DFB99FA6}.Debug|Any CPU.ActiveCfg = Debug|Any CPU
		{09E22396-319B-4CE7-829B-4972DFB99FA6}.Debug|Any CPU.Build.0 = Debug|Any CPU
		{09E22396-319B-4CE7-829B-4972DFB99FA6}.Release|Any CPU.ActiveCfg = Release|Any CPU
		{09E22396-319B-4CE7-829B-4972DFB99FA6}.Release|Any CPU.Build.0 = Release|Any CPU
		{A0050BE2-093C-410A-AC40-01055F26A03B}.Debug|Any CPU.ActiveCfg = Debug|Any CPU
		{A0050BE2-093C-410A-AC40-01055F26A03B}.Debug|Any CPU.Build.0 = Debug|Any CPU
		{A0050BE2-093C-410A-AC40-01055F26A03B}.Release|Any CPU.ActiveCfg = Release|Any CPU
		{A0050BE2-093C-410A-AC40-01055F26A03B}.Release|Any CPU.Build.0 = Release|Any CPU
	EndGlobalSection
	GlobalSection(SolutionProperties) = preSolution
		HideSolutionNode = FALSE
	EndGlobalSection
	GlobalSection(ExtensibilityGlobals) = postSolution
		SolutionGuid = {8960EC0D-DB3D-428A-B4A7-2E7280AFF335}
	EndGlobalSection
EndGlobal
